# This file is automatically @generated by Poetry 1.4.0 and should not be changed by hand.

[[package]]
name = "logging"
version = "0.4.9.6"
description = "A logging module for Python"
category = "main"
optional = false
python-versions = "*"
files = [
    {file = "logging-0.4.9.6.tar.gz", hash = "sha256:26f6b50773f085042d301085bd1bf5d9f3735704db9f37c1ce6d8b85c38f2417"},
]

[[package]]
name = "marshmallow"
version = "3.19.0"
description = "A lightweight library for converting complex datatypes to and from native Python datatypes."
category = "main"
optional = false
python-versions = ">=3.7"
files = [
    {file = "marshmallow-3.19.0-py3-none-any.whl", hash = "sha256:93f0958568da045b0021ec6aeb7ac37c81bfcccbb9a0e7ed8559885070b3a19b"},
    {file = "marshmallow-3.19.0.tar.gz", hash = "sha256:90032c0fd650ce94b6ec6dc8dfeb0e3ff50c144586462c389b81a07205bedb78"},
]

[package.dependencies]
packaging = ">=17.0"

[package.extras]
dev = ["flake8 (==5.0.4)", "flake8-bugbear (==22.10.25)", "mypy (==0.990)", "pre-commit (>=2.4,<3.0)", "pytest", "pytz", "simplejson", "tox"]
docs = ["alabaster (==0.7.12)", "autodocsumm (==0.2.9)", "sphinx (==5.3.0)", "sphinx-issues (==3.0.1)", "sphinx-version-warning (==1.1.2)"]
lint = ["flake8 (==5.0.4)", "flake8-bugbear (==22.10.25)", "mypy (==0.990)", "pre-commit (>=2.4,<3.0)"]
tests = ["pytest", "pytz", "simplejson"]

[[package]]
name = "packaging"
version = "23.0"
description = "Core utilities for Python packages"
category = "main"
optional = false
python-versions = ">=3.7"
files = [
    {file = "packaging-23.0-py3-none-any.whl", hash = "sha256:714ac14496c3e68c99c29b00845f7a2b85f3bb6f1078fd9f72fd20f0570002b2"},
    {file = "packaging-23.0.tar.gz", hash = "sha256:b6ad297f8907de0fa2fe1ccbd26fdaf387f5f47c7275fedf8cce89f99446cf97"},
]

[metadata]
lock-version = "2.0"
python-versions = "^3.8"
content-hash = "4380726fc1620797eed43393b3a86a83aae2785268639e5dcdd1f1da4b22ccf7"
